
Microsoft Visual Studio Solution File, Format Version 12.00
# Visual Studio Version 17
VisualStudioVersion = 17.11.35312.102
MinimumVisualStudioVersion = 10.0.40219.1
Project("{FAE04EC0-301F-11D3-BF4B-00C04F79EFBC}") = "InternconnectBackend", "InternconnectBackend\InternconnectBackend.csproj", "{9C59283D-A672-48A6-9825-C482B424FA4E}"
EndProject
Global
	GlobalSection(SolutionConfigurationPlatforms) = preSolution
		Debug|Any CPU = Debug|Any CPU
		Release|Any CPU = Release|Any CPU
	EndGlobalSection
	GlobalSection(ProjectConfigurationPlatforms) = postSolution
		{9C59283D-A672-48A6-9825-C482B424FA4E}.Debug|Any CPU.ActiveCfg = Debug|Any CPU
		{9C59283D-A672-48A6-9825-C482B424FA4E}.Debug|Any CPU.Build.0 = Debug|Any CPU
		{9C59283D-A672-48A6-9825-C482B424FA4E}.Release|Any CPU.ActiveCfg = Release|Any CPU
		{9C59283D-A672-48A6-9825-C482B424FA4E}.Release|Any CPU.Build.0 = Release|Any CPU
	EndGlobalSection
	GlobalSection(SolutionProperties) = preSolution
		HideSolutionNode = FALSE
	EndGlobalSection
	GlobalSection(ExtensibilityGlobals) = postSolution
		SolutionGuid = {254E6C60-3EC0-4D5A-9C7C-4BDD42CA0A73}
	EndGlobalSection
EndGlobal
